
Microsoft Visual Studio Solution File, Format Version 12.00
# Visual Studio Version 16
VisualStudioVersion = 16.0.31624.102
MinimumVisualStudioVersion = 10.0.40219.1
Project("{9A19103F-16F7-4668-BE54-9A1E7A4F7556}") = "SapExtensions", "SapExtensions.csproj", "{3A70D8BF-1F7E-4741-8446-D90B55798B9E}"
EndProject
Global
	GlobalSection(SolutionConfigurationPlatforms) = preSolution
		Debug|Any CPU = Debug|Any CPU
		Release|Any CPU = Release|Any CPU
	EndGlobalSection
	GlobalSection(ProjectConfigurationPlatforms) = postSolution
		{3A70D8BF-1F7E-4741-8446-D90B55798B9E}.Debug|Any CPU.ActiveCfg = Debug|Any CPU
		{3A70D8BF-1F7E-4741-8446-D90B55798B9E}.Debug|Any CPU.Build.0 = Debug|Any CPU
		{3A70D8BF-1F7E-4741-8446-D90B55798B9E}.Release|Any CPU.ActiveCfg = Release|Any CPU
		{3A70D8BF-1F7E-4741-8446-D90B55798B9E}.Release|Any CPU.Build.0 = Release|Any CPU
	EndGlobalSection
	GlobalSection(SolutionProperties) = preSolution
		HideSolutionNode = FALSE
	EndGlobalSection
	GlobalSection(ExtensibilityGlobals) = postSolution
		SolutionGuid = {517CDDBD-85BA-43A5-92F4-BFDB803DA30A}
	EndGlobalSection
EndGlobal
